
Microsoft Visual Studio Solution File, Format Version 11.00
# Visual Studio 2010
Project("{F184B08F-C81C-45F6-A57F-5ABD9991F28F}") = "GlassUniversalHingeTest", "GlassUniversalHingeTest\GlassUniversalHingeTest.vbproj", "{0F790C35-16CE-4D4F-ABE7-D2DA358F7547}"
EndProject
Project("{54435603-DBB4-11D2-8724-00A0C9A8B90C}") = "Glass Universal Hinge Test Installer", "Glass Universal Hinge Test Installer\Glass Universal Hinge Test Installer.vdproj", "{7B6D11E8-261C-42DA-862D-5B90E4F5161C}"
EndProject
Global
	GlobalSection(SolutionConfigurationPlatforms) = preSolution
		Debug|Any CPU = Debug|Any CPU
		Debug|Mixed Platforms = Debug|Mixed Platforms
		Debug|x86 = Debug|x86
		Release|Any CPU = Release|Any CPU
		Release|Mixed Platforms = Release|Mixed Platforms
		Release|x86 = Release|x86
	EndGlobalSection
	GlobalSection(ProjectConfigurationPlatforms) = postSolution
		{0F790C35-16CE-4D4F-ABE7-D2DA358F7547}.Debug|Any CPU.ActiveCfg = Debug|Any CPU
		{0F790C35-16CE-4D4F-ABE7-D2DA358F7547}.Debug|Any CPU.Build.0 = Debug|Any CPU
		{0F790C35-16CE-4D4F-ABE7-D2DA358F7547}.Debug|Mixed Platforms.ActiveCfg = Debug|Any CPU
		{0F790C35-16CE-4D4F-ABE7-D2DA358F7547}.Debug|Mixed Platforms.Build.0 = Debug|Any CPU
		{0F790C35-16CE-4D4F-ABE7-D2DA358F7547}.Debug|x86.ActiveCfg = Debug|x86
		{0F790C35-16CE-4D4F-ABE7-D2DA358F7547}.Debug|x86.Build.0 = Debug|x86
		{0F790C35-16CE-4D4F-ABE7-D2DA358F7547}.Release|Any CPU.ActiveCfg = Release|Any CPU
		{0F790C35-16CE-4D4F-ABE7-D2DA358F7547}.Release|Any CPU.Build.0 = Release|Any CPU
		{0F790C35-16CE-4D4F-ABE7-D2DA358F7547}.Release|Mixed Platforms.ActiveCfg = Release|Any CPU
		{0F790C35-16CE-4D4F-ABE7-D2DA358F7547}.Release|Mixed Platforms.Build.0 = Release|Any CPU
		{0F790C35-16CE-4D4F-ABE7-D2DA358F7547}.Release|x86.ActiveCfg = Release|Any CPU
		{7B6D11E8-261C-42DA-862D-5B90E4F5161C}.Debug|Any CPU.ActiveCfg = Debug
		{7B6D11E8-261C-42DA-862D-5B90E4F5161C}.Debug|Mixed Platforms.ActiveCfg = Debug
		{7B6D11E8-261C-42DA-862D-5B90E4F5161C}.Debug|Mixed Platforms.Build.0 = Debug
		{7B6D11E8-261C-42DA-862D-5B90E4F5161C}.Debug|x86.ActiveCfg = Debug
		{7B6D11E8-261C-42DA-862D-5B90E4F5161C}.Debug|x86.Build.0 = Debug
		{7B6D11E8-261C-42DA-862D-5B90E4F5161C}.Release|Any CPU.ActiveCfg = Release
		{7B6D11E8-261C-42DA-862D-5B90E4F5161C}.Release|Mixed Platforms.ActiveCfg = Release
		{7B6D11E8-261C-42DA-862D-5B90E4F5161C}.Release|x86.ActiveCfg = Release
	EndGlobalSection
	GlobalSection(SolutionProperties) = preSolution
		HideSolutionNode = FALSE
	EndGlobalSection
	GlobalSection(ExtensibilityGlobals) = postSolution
		VisualSVNWorkingCopyRoot = .
	EndGlobalSection
EndGlobal
